
Microsoft Visual Studio Solution File, Format Version 12.00
# Visual Studio Version 17
VisualStudioVersion = 17.11.35312.102
MinimumVisualStudioVersion = 10.0.40219.1
Project("{FAE04EC0-301F-11D3-BF4B-00C04F79EFBC}") = "MiniProject.Models", "MiniProject.Models\MiniProject.Models.csproj", "{9489CC25-60B9-4ABC-B09C-730E9707F166}"
EndProject
Project("{FAE04EC0-301F-11D3-BF4B-00C04F79EFBC}") = "BlogLab.Repository", "BlogLab.Repository\BlogLab.Repository.csproj", "{65AD8652-E624-4274-A0FD-936D3D97EB31}"
EndProject
Project("{FAE04EC0-301F-11D3-BF4B-00C04F79EFBC}") = "WebApplication.Server", "WebApplication\WebApplication.Server\WebApplication.Server.csproj", "{1C551E4F-6E5B-4A63-ADF7-76BAD912E24E}"
EndProject
Global
	GlobalSection(SolutionConfigurationPlatforms) = preSolution
		Debug|Any CPU = Debug|Any CPU
		Release|Any CPU = Release|Any CPU
	EndGlobalSection
	GlobalSection(ProjectConfigurationPlatforms) = postSolution
		{9489CC25-60B9-4ABC-B09C-730E9707F166}.Debug|Any CPU.ActiveCfg = Debug|Any CPU
		{9489CC25-60B9-4ABC-B09C-730E9707F166}.Debug|Any CPU.Build.0 = Debug|Any CPU
		{9489CC25-60B9-4ABC-B09C-730E9707F166}.Release|Any CPU.ActiveCfg = Release|Any CPU
		{9489CC25-60B9-4ABC-B09C-730E9707F166}.Release|Any CPU.Build.0 = Release|Any CPU
		{65AD8652-E624-4274-A0FD-936D3D97EB31}.Debug|Any CPU.ActiveCfg = Debug|Any CPU
		{65AD8652-E624-4274-A0FD-936D3D97EB31}.Debug|Any CPU.Build.0 = Debug|Any CPU
		{65AD8652-E624-4274-A0FD-936D3D97EB31}.Release|Any CPU.ActiveCfg = Release|Any CPU
		{65AD8652-E624-4274-A0FD-936D3D97EB31}.Release|Any CPU.Build.0 = Release|Any CPU
		{1C551E4F-6E5B-4A63-ADF7-76BAD912E24E}.Debug|Any CPU.ActiveCfg = Debug|Any CPU
		{1C551E4F-6E5B-4A63-ADF7-76BAD912E24E}.Debug|Any CPU.Build.0 = Debug|Any CPU
		{1C551E4F-6E5B-4A63-ADF7-76BAD912E24E}.Release|Any CPU.ActiveCfg = Release|Any CPU
		{1C551E4F-6E5B-4A63-ADF7-76BAD912E24E}.Release|Any CPU.Build.0 = Release|Any CPU
	EndGlobalSection
	GlobalSection(SolutionProperties) = preSolution
		HideSolutionNode = FALSE
	EndGlobalSection
	GlobalSection(ExtensibilityGlobals) = postSolution
		SolutionGuid = {25394305-84A5-41A5-855F-367F41C84E60}
	EndGlobalSection
EndGlobal
